
Microsoft Visual Studio Solution File, Format Version 12.00
# Visual Studio Version 17
VisualStudioVersion = 17.6.33723.286
MinimumVisualStudioVersion = 10.0.40219.1
Project("{FAE04EC0-301F-11D3-BF4B-00C04F79EFBC}") = "Proyecto", "Proyecto\Proyecto.csproj", "{F974B924-A89E-4690-9DA3-6DA35DC4BBCE}"
EndProject
Global
	GlobalSection(SolutionConfigurationPlatforms) = preSolution
		Debug|Any CPU = Debug|Any CPU
		Release|Any CPU = Release|Any CPU
	EndGlobalSection
	GlobalSection(ProjectConfigurationPlatforms) = postSolution
		{F974B924-A89E-4690-9DA3-6DA35DC4BBCE}.Debug|Any CPU.ActiveCfg = Debug|Any CPU
		{F974B924-A89E-4690-9DA3-6DA35DC4BBCE}.Debug|Any CPU.Build.0 = Debug|Any CPU
		{F974B924-A89E-4690-9DA3-6DA35DC4BBCE}.Release|Any CPU.ActiveCfg = Release|Any CPU
		{F974B924-A89E-4690-9DA3-6DA35DC4BBCE}.Release|Any CPU.Build.0 = Release|Any CPU
	EndGlobalSection
	GlobalSection(SolutionProperties) = preSolution
		HideSolutionNode = FALSE
	EndGlobalSection
	GlobalSection(ExtensibilityGlobals) = postSolution
		SolutionGuid = {60A85472-2AB3-49F3-B1CF-CF1BE9A231BE}
	EndGlobalSection
EndGlobal
